
Microsoft Visual Studio Solution File, Format Version 11.00
# Visual Studio 2010
Project("{FAE04EC0-301F-11D3-BF4B-00C04F79EFBC}") = "Precipitate", "Precipitate\Precipitate.csproj", "{B96E5DA5-747F-4218-A422-A0009154E607}"
EndProject
Project("{FAE04EC0-301F-11D3-BF4B-00C04F79EFBC}") = "Precipitate.Core", "Precipitate.Core\Precipitate.Core.csproj", "{CAF75C7F-C641-48CD-8BFE-135A552EC752}"
EndProject
Project("{2150E333-8FDC-42A3-9474-1A3956D46DE8}") = "Items", "Items", "{2B7AB972-E254-4E3E-B577-18BFD292984F}"
	ProjectSection(SolutionItems) = preProject
		LICENSE.txt = LICENSE.txt
		README.md = README.md
	EndProjectSection
EndProject
Global
	GlobalSection(SolutionConfigurationPlatforms) = preSolution
		Debug|Any CPU = Debug|Any CPU
		Debug|Mixed Platforms = Debug|Mixed Platforms
		Debug|x86 = Debug|x86
		Release|Any CPU = Release|Any CPU
		Release|Mixed Platforms = Release|Mixed Platforms
		Release|x86 = Release|x86
	EndGlobalSection
	GlobalSection(ProjectConfigurationPlatforms) = postSolution
		{B96E5DA5-747F-4218-A422-A0009154E607}.Debug|Any CPU.ActiveCfg = Debug|x86
		{B96E5DA5-747F-4218-A422-A0009154E607}.Debug|Mixed Platforms.ActiveCfg = Debug|x86
		{B96E5DA5-747F-4218-A422-A0009154E607}.Debug|Mixed Platforms.Build.0 = Debug|x86
		{B96E5DA5-747F-4218-A422-A0009154E607}.Debug|x86.ActiveCfg = Debug|x86
		{B96E5DA5-747F-4218-A422-A0009154E607}.Debug|x86.Build.0 = Debug|x86
		{B96E5DA5-747F-4218-A422-A0009154E607}.Release|Any CPU.ActiveCfg = Release|x86
		{B96E5DA5-747F-4218-A422-A0009154E607}.Release|Mixed Platforms.ActiveCfg = Release|x86
		{B96E5DA5-747F-4218-A422-A0009154E607}.Release|Mixed Platforms.Build.0 = Release|x86
		{B96E5DA5-747F-4218-A422-A0009154E607}.Release|x86.ActiveCfg = Release|x86
		{B96E5DA5-747F-4218-A422-A0009154E607}.Release|x86.Build.0 = Release|x86
		{CAF75C7F-C641-48CD-8BFE-135A552EC752}.Debug|Any CPU.ActiveCfg = Debug|Any CPU
		{CAF75C7F-C641-48CD-8BFE-135A552EC752}.Debug|Any CPU.Build.0 = Debug|Any CPU
		{CAF75C7F-C641-48CD-8BFE-135A552EC752}.Debug|Mixed Platforms.ActiveCfg = Debug|Any CPU
		{CAF75C7F-C641-48CD-8BFE-135A552EC752}.Debug|Mixed Platforms.Build.0 = Debug|Any CPU
		{CAF75C7F-C641-48CD-8BFE-135A552EC752}.Debug|x86.ActiveCfg = Debug|Any CPU
		{CAF75C7F-C641-48CD-8BFE-135A552EC752}.Release|Any CPU.ActiveCfg = Release|Any CPU
		{CAF75C7F-C641-48CD-8BFE-135A552EC752}.Release|Any CPU.Build.0 = Release|Any CPU
		{CAF75C7F-C641-48CD-8BFE-135A552EC752}.Release|Mixed Platforms.ActiveCfg = Release|Any CPU
		{CAF75C7F-C641-48CD-8BFE-135A552EC752}.Release|Mixed Platforms.Build.0 = Release|Any CPU
		{CAF75C7F-C641-48CD-8BFE-135A552EC752}.Release|x86.ActiveCfg = Release|Any CPU
	EndGlobalSection
	GlobalSection(SolutionProperties) = preSolution
		HideSolutionNode = FALSE
	EndGlobalSection
EndGlobal
